
Microsoft Visual Studio Solution File, Format Version 12.00
# Visual Studio Version 16
VisualStudioVersion = 16.0.31424.327
MinimumVisualStudioVersion = 10.0.40219.1
Project("{FAE04EC0-301F-11D3-BF4B-00C04F79EFBC}") = "TaskProject", "TaskProject.csproj", "{93CB6727-FC26-4539-8D25-1C4E971C34CA}"
EndProject
Global
	GlobalSection(SolutionConfigurationPlatforms) = preSolution
		Debug|Any CPU = Debug|Any CPU
		Release|Any CPU = Release|Any CPU
	EndGlobalSection
	GlobalSection(ProjectConfigurationPlatforms) = postSolution
		{93CB6727-FC26-4539-8D25-1C4E971C34CA}.Debug|Any CPU.ActiveCfg = Debug|Any CPU
		{93CB6727-FC26-4539-8D25-1C4E971C34CA}.Debug|Any CPU.Build.0 = Debug|Any CPU
		{93CB6727-FC26-4539-8D25-1C4E971C34CA}.Release|Any CPU.ActiveCfg = Release|Any CPU
		{93CB6727-FC26-4539-8D25-1C4E971C34CA}.Release|Any CPU.Build.0 = Release|Any CPU
	EndGlobalSection
	GlobalSection(SolutionProperties) = preSolution
		HideSolutionNode = FALSE
	EndGlobalSection
	GlobalSection(ExtensibilityGlobals) = postSolution
		SolutionGuid = {CDF4C1D4-AD23-4B38-B02F-BA9F13EBA175}
	EndGlobalSection
EndGlobal
